
Microsoft Visual Studio Solution File, Format Version 9.00
# Visual Studio 2005
Project("{8BC9CEB8-8B4A-11D0-8D11-00A0C91BC942}") = "OSGDefaultProject", "OSGDefaultProject\OSGDefaultProject.vcproj", "{51E38C9F-7329-4D6F-BA38-50F9F65F064F}"
EndProject
Global
	GlobalSection(SolutionConfigurationPlatforms) = preSolution
		Debug|Win32 = Debug|Win32
		Release|Win32 = Release|Win32
	EndGlobalSection
	GlobalSection(ProjectConfigurationPlatforms) = postSolution
		{51E38C9F-7329-4D6F-BA38-50F9F65F064F}.Debug|Win32.ActiveCfg = Debug|Win32
		{51E38C9F-7329-4D6F-BA38-50F9F65F064F}.Debug|Win32.Build.0 = Debug|Win32
		{51E38C9F-7329-4D6F-BA38-50F9F65F064F}.Release|Win32.ActiveCfg = Release|Win32
		{51E38C9F-7329-4D6F-BA38-50F9F65F064F}.Release|Win32.Build.0 = Release|Win32
	EndGlobalSection
	GlobalSection(SolutionProperties) = preSolution
		HideSolutionNode = FALSE
	EndGlobalSection
EndGlobal
